// !$*UTF8*$!
{
	archiveVersion = 1;
	classes = {
	};
	objectVersion = 46;
	objects = {

/* Begin PBXBuildFile section */
		E2E25F5B1D9F497A00FCBB48 /* AppDelegate.swift in Sources */ = {isa = PBXBuildFile; fileRef = E2E25F5A1D9F497A00FCBB48 /* AppDelegate.swift */; };
		E2E25F5D1D9F497A00FCBB48 /* ViewController.swift in Sources */ = {isa = PBXBuildFile; fileRef = E2E25F5C1D9F497A00FCBB48 /* ViewController.swift */; };
		E2E25F601D9F497A00FCBB48 /* Main.storyboard in Resources */ = {isa = PBXBuildFile; fileRef = E2E25F5E1D9F497A00FCBB48 /* Main.storyboard */; };
		E2E25F621D9F497A00FCBB48 /* Assets.xcassets in Resources */ = {isa = PBXBuildFile; fileRef = E2E25F611D9F497A00FCBB48 /* Assets.xcassets */; };
		E2E25F651D9F497A00FCBB48 /* LaunchScreen.storyboard in Resources */ = {isa = PBXBuildFile; fileRef = E2E25F631D9F497A00FCBB48 /* LaunchScreen.storyboard */; };
		E2E25F6D1D9F499700FCBB48 /* ColorView.swift in Sources */ = {isa = PBXBuildFile; fileRef = E2E25F6C1D9F499700FCBB48 /* ColorView.swift */; };
/* End PBXBuildFile section */

/* Begin PBXFileReference section */
		E2E25F571D9F497A00FCBB48 /* ColorView.app */ = {isa = PBXFileReference; explicitFileType = wrapper.application; includeInIndex = 0; path = ColorView.app; sourceTree = BUILT_PRODUCTS_DIR; };
		E2E25F5A1D9F497A00FCBB48 /* AppDelegate.swift */ = {isa = PBXFileReference; lastKnownFileType = sourcecode.swift; path = AppDelegate.swift; sourceTree = "<group>"; };
		E2E25F5C1D9F497A00FCBB48 /* ViewController.swift */ = {isa = PBXFileReference; lastKnownFileType = sourcecode.swift; path = ViewController.swift; sourceTree = "<group>"; };
		E2E25F5F1D9F497A00FCBB48 /* Base */ = {isa = PBXFileReference; lastKnownFileType = file.storyboard; name = Base; path = Base.lproj/Main.storyboard; sourceTree = "<group>"; };
		E2E25F611D9F497A00FCBB48 /* Assets.xcassets */ = {isa = PBXFileReference; lastKnownFileType = folder.assetcatalog; path = Assets.xcassets; sourceTree = "<group>"; };
		E2E25F641D9F497A00FCBB48 /* Base */ = {isa = PBXFileReference; lastKnownFileType = file.storyboard; name = Base; path = Base.lproj/LaunchScreen.storyboard; sourceTree = "<group>"; };
		E2E25F661D9F497A00FCBB48 /* Info.plist */ = {isa = PBXFileReference; lastKnownFileType = text.plist.xml; path = Info.plist; sourceTree = "<group>"; };
		E2E25F6C1D9F499700FCBB48 /* ColorView.swift */ = {isa = PBXFileReference; fileEncoding = 4; lastKnownFileType = sourcecode.swift; path = ColorView.swift; sourceTree = "<group>"; };
/* End PBXFileReference section */

/* Begin PBXFrameworksBuildPhase section */
		E2E25F541D9F497A00FCBB48 /* Frameworks */ = {
			isa = PBXFrameworksBuildPhase;
			buildActionMask = 2147483647;
			files = (
			);
			runOnlyForDeploymentPostprocessing = 0;
		};
/* End PBXFrameworksBuildPhase section */

/* Begin PBXGroup section */
		E2E25F4E1D9F497A00FCBB48 = {
			isa = PBXGroup;
			children = (
				E2E25F591D9F497A00FCBB48 /* ColorView */,
				E2E25F581D9F497A00FCBB48 /* Products */,
			);
			sourceTree = "<group>";
		};
		E2E25F581D9F497A00FCBB48 /* Products */ = {
			isa = PBXGroup;
			children = (
				E2E25F571D9F497A00FCBB48 /* ColorView.app */,
			);
			name = Products;
			sourceTree = "<group>";
		};
		E2E25F591D9F497A00FCBB48 /* ColorView */ = {
			isa = PBXGroup;
			children = (
				E2E25F5A1D9F497A00FCBB48 /* AppDelegate.swift */,
				E2E25F5C1D9F497A00FCBB48 /* ViewController.swift */,
				E2E25F5E1D9F497A00FCBB48 /* Main.storyboard */,
				E2E25F611D9F497A00FCBB48 /* Assets.xcassets */,
				E2E25F631D9F497A00FCBB48 /* LaunchScreen.storyboard */,
				E2E25F661D9F497A00FCBB48 /* Info.plist */,
				E2E25F6C1D9F499700FCBB48 /* ColorView.swift */,
			);
			path = ColorView;
			sourceTree = "<group>";
		};
/* End PBXGroup section */

/* Begin PBXNativeTarget section */
		E2E25F561D9F497A00FCBB48 /* ColorView */ = {
			isa = PBXNativeTarget;
			buildConfigurationList = E2E25F691D9F497A00FCBB48 /* Build configuration list for PBXNativeTarget "ColorView" */;
			buildPhases = (
				E2E25F531D9F497A00FCBB48 /* Sources */,
				E2E25F541D9F497A00FCBB48 /* Frameworks */,
				E2E25F551D9F497A00FCBB48 /* Resources */,
			);
			buildRules = (
			);
			dependencies = (
			);
			name = ColorView;
			productName = ColorView;
			productReference = E2E25F571D9F497A00FCBB48 /* ColorView.app */;
			productType = "com.apple.product-type.application";
		};
/* End PBXNativeTarget section */

/* Begin PBXProject section */
		E2E25F4F1D9F497A00FCBB48 /* Project object */ = {
			isa = PBXProject;
			attributes = {
				LastSwiftUpdateCheck = 0800;
				LastUpgradeCheck = 0800;
				ORGANIZATIONNAME = "Ahmed Elzohry";
				TargetAttributes = {
					E2E25F561D9F497A00FCBB48 = {
						CreatedOnToolsVersion = 8.0;
						DevelopmentTeam = KYCVLD89Y4;
						ProvisioningStyle = Automatic;
					};
				};
			};
			buildConfigurationList = E2E25F521D9F497A00FCBB48 /* Build configuration list for PBXProject "ColorView" */;
			compatibilityVersion = "Xcode 3.2";
			developmentRegion = English;
			hasScannedForEncodings = 0;
			knownRegions = (
				en,
				Base,
			);
			mainGroup = E2E25F4E1D9F497A00FCBB48;
			productRefGroup = E2E25F581D9F497A00FCBB48 /* Products */;
			projectDirPath = "";
			projectRoot = "";
			targets = (
				E2E25F561D9F497A00FCBB48 /* ColorView */,
			);
		};
/* End PBXProject section */

/* Begin PBXResourcesBuildPhase section */
		E2E25F551D9F497A00FCBB48 /* Resources */ = {
			isa = PBXResourcesBuildPhase;
			buildActionMask = 2147483647;
			files = (
				E2E25F651D9F497A00FCBB48 /* LaunchScreen.storyboard in Resources */,
				E2E25F621D9F497A00FCBB48 /* Assets.xcassets in Resources */,
				E2E25F601D9F497A00FCBB48 /* Main.storyboard in Resources */,
			);
			runOnlyForDeploymentPostprocessing = 0;
		};
/* End PBXResourcesBuildPhase section */

/* Begin PBXSourcesBuildPhase section */
		E2E25F531D9F497A00FCBB48 /* Sources */ = {
			isa = PBXSourcesBuildPhase;
			buildActionMask = 2147483647;
			files = (
				E2E25F6D1D9F499700FCBB48 /* ColorView.swift in Sources */,
				E2E25F5D1D9F497A00FCBB48 /* ViewController.swift in Sources */,
				E2E25F5B1D9F497A00FCBB48 /* AppDelegate.swift in Sources */,
			);
			runOnlyForDeploymentPostprocessing = 0;
		};
/* End PBXSourcesBuildPhase section */

/* Begin PBXVariantGroup section */
		E2E25F5E1D9F497A00FCBB48 /* Main.storyboard */ = {
			isa = PBXVariantGroup;
			children = (
				E2E25F5F1D9F497A00FCBB48 /* Base */,
			);
			name = Main.storyboard;
			sourceTree = "<group>";
		};
		E2E25F631D9F497A00FCBB48 /* LaunchScreen.storyboard */ = {
			isa = PBXVariantGroup;
			children = (
				E2E25F641D9F497A00FCBB48 /* Base */,
			);
			name = LaunchScreen.storyboard;
			sourceTree = "<group>";
		};
/* End PBXVariantGroup section */

/* Begin XCBuildConfiguration section */
		E2E25F671D9F497A00FCBB48 /* Debug */ = {
			isa = XCBuildConfiguration;
			buildSettings = {
				ALWAYS_SEARCH_USER_PATHS = NO;
				CLANG_ANALYZER_NONNULL = YES;
				CLANG_CXX_LANGUAGE_STANDARD = "gnu++0x";
				CLANG_CXX_LIBRARY = "libc++";
				CLANG_ENABLE_MODULES = YES;
				CLANG_ENABLE_OBJC_ARC = YES;
				CLANG_WARN_BOOL_CONVERSION = YES;
				CLANG_WARN_CONSTANT_CONVERSION = YES;
				CLANG_WARN_DIRECT_OBJC_ISA_USAGE = YES_ERROR;
				CLANG_WARN_DOCUMENTATION_COMMENTS = YES;
				CLANG_WARN_EMPTY_BODY = YES;
				CLANG_WARN_ENUM_CONVERSION = YES;
				CLANG_WARN_INFINITE_RECURSION = YES;
				CLANG_WARN_INT_CONVERSION = YES;
				CLANG_WARN_OBJC_ROOT_CLASS = YES_ERROR;
				CLANG_WARN_SUSPICIOUS_MOVES = YES;
				CLANG_WARN_UNREACHABLE_CODE = YES;
				CLANG_WARN__DUPLICATE_METHOD_MATCH = YES;
				"CODE_SIGN_IDENTITY[sdk=iphoneos*]" = "iPhone Developer";
				COPY_PHASE_STRIP = NO;
				DEBUG_INFORMATION_FORMAT = dwarf;
				ENABLE_STRICT_OBJC_MSGSEND = YES;
				ENABLE_TESTABILITY = YES;
				GCC_C_LANGUAGE_STANDARD = gnu99;
				GCC_DYNAMIC_NO_PIC = NO;
				GCC_NO_COMMON_BLOCKS = YES;
				GCC_OPTIMIZATION_LEVEL = 0;
				GCC_PREPROCESSOR_DEFINITIONS = (
					"DEBUG=1",
					"$(inherited)",
				);
				GCC_WARN_64_TO_32_BIT_CONVERSION = YES;
				GCC_WARN_ABOUT_RETURN_TYPE = YES_ERROR;
				GCC_WARN_UNDECLARED_SELECTOR = YES;
				GCC_WARN_UNINITIALIZED_AUTOS = YES_AGGRESSIVE;
				GCC_WARN_UNUSED_FUNCTION = YES;
				GCC_WARN_UNUSED_VARIABLE = YES;
				IPHONEOS_DEPLOYMENT_TARGET = 10.0;
				MTL_ENABLE_DEBUG_INFO = YES;
				ONLY_ACTIVE_ARCH = YES;
				SDKROOT = iphoneos;
				SWIFT_ACTIVE_COMPILATION_CONDITIONS = DEBUG;
				SWIFT_OPTIMIZATION_LEVEL = "-Onone";
				TARGETED_DEVICE_FAMILY = "1,2";
			};
			name = Debug;
		};
		E2E25F681D9F497A00FCBB48 /* Release */ = {
			isa = XCBuildConfiguration;
			buildSettings = {
				ALWAYS_SEARCH_USER_PATHS = NO;
				CLANG_ANALYZER_NONNULL = YES;
				CLANG_CXX_LANGUAGE_STANDARD = "gnu++0x";
				CLANG_CXX_LIBRARY = "libc++";
				CLANG_ENABLE_MODULES = YES;
				CLANG_ENABLE_OBJC_ARC = YES;
				CLANG_WARN_BOOL_CONVERSION = YES;
				CLANG_WARN_CONSTANT_CONVERSION = YES;
				CLANG_WARN_DIRECT_OBJC_ISA_USAGE = YES_ERROR;
				CLANG_WARN_DOCUMENTATION_COMMENTS = YES;
				CLANG_WARN_EMPTY_BODY = YES;
				CLANG_WARN_ENUM_CONVERSION = YES;
				CLANG_WARN_INFINITE_RECURSION = YES;
				CLANG_WARN_INT_CONVERSION = YES;
				CLANG_WARN_OBJC_ROOT_CLASS = YES_ERROR;
				CLANG_WARN_SUSPICIOUS_MOVES = YES;
				CLANG_WARN_UNREACHABLE_CODE = YES;
				CLANG_WARN__DUPLICATE_METHOD_MATCH = YES;
				"CODE_SIGN_IDENTITY[sdk=iphoneos*]" = "iPhone Developer";
				COPY_PHASE_STRIP = NO;
				DEBUG_INFORMATION_FORMAT = "dwarf-with-dsym";
				ENABLE_NS_ASSERTIONS = NO;
				ENABLE_STRICT_OBJC_MSGSEND = YES;
				GCC_C_LANGUAGE_STANDARD = gnu99;
				GCC_NO_COMMON_BLOCKS = YES;
				GCC_WARN_64_TO_32_BIT_CONVERSION = YES;
				GCC_WARN_ABOUT_RETURN_TYPE = YES_ERROR;
				GCC_WARN_UNDECLARED_SELECTOR = YES;
				GCC_WARN_UNINITIALIZED_AUTOS = YES_AGGRESSIVE;
				GCC_WARN_UNUSED_FUNCTION = YES;
				GCC_WARN_UNUSED_VARIABLE = YES;
				IPHONEOS_DEPLOYMENT_TARGET = 10.0;
				MTL_ENABLE_DEBUG_INFO = NO;
				SDKROOT = iphoneos;
				SWIFT_OPTIMIZATION_LEVEL = "-Owholemodule";
				TARGETED_DEVICE_FAMILY = "1,2";
				VALIDATE_PRODUCT = YES;
			};
			name = Release;
		};
		E2E25F6A1D9F497A00FCBB48 /* Debug */ = {
			isa = XCBuildConfiguration;
			buildSettings = {
				ASSETCATALOG_COMPILER_APPICON_NAME = AppIcon;
				DEVELOPMENT_TEAM = KYCVLD89Y4;
				INFOPLIST_FILE = ColorView/Info.plist;
				LD_RUNPATH_SEARCH_PATHS = "$(inherited) @executable_path/Frameworks";
				PRODUCT_BUNDLE_IDENTIFIER = com.aelzohry.ColorView;
				PRODUCT_NAME = "$(TARGET_NAME)";
				SWIFT_VERSION = 3.0;
			};
			name = Debug;
		};
		E2E25F6B1D9F497A00FCBB48 /* Release */ = {
			isa = XCBuildConfiguration;
			buildSettings = {
				ASSETCATALOG_COMPILER_APPICON_NAME = AppIcon;
				DEVELOPMENT_TEAM = KYCVLD89Y4;
				INFOPLIST_FILE = ColorView/Info.plist;
				LD_RUNPATH_SEARCH_PATHS = "$(inherited) @executable_path/Frameworks";
				PRODUCT_BUNDLE_IDENTIFIER = com.aelzohry.ColorView;
				PRODUCT_NAME = "$(TARGET_NAME)";
				SWIFT_VERSION = 3.0;
			};
			name = Release;
		};
/* End XCBuildConfiguration section */

/* Begin XCConfigurationList section */
		E2E25F521D9F497A00FCBB48 /* Build configuration list for PBXProject "ColorView" */ = {
			isa = XCConfigurationList;
			buildConfigurations = (
				E2E25F671D9F497A00FCBB48 /* Debug */,
				E2E25F681D9F497A00FCBB48 /* Release */,
			);
			defaultConfigurationIsVisible = 0;
			defaultConfigurationName = Release;
		};
		E2E25F691D9F497A00FCBB48 /* Build configuration list for PBXNativeTarget "ColorView" */ = {
			isa = XCConfigurationList;
			buildConfigurations = (
				E2E25F6A1D9F497A00FCBB48 /* Debug */,
				E2E25F6B1D9F497A00FCBB48 /* Release */,
			);
			defaultConfigurationIsVisible = 0;
		};
/* End XCConfigurationList section */
	};
	rootObject = E2E25F4F1D9F497A00FCBB48 /* Project object */;
}
